PODS:
  - Bolts (1.9.0):
    - Bolts/AppLinks (= 1.9.0)
    - Bolts/Tasks (= 1.9.0)
  - Bolts/AppLinks (1.9.0):
    - Bolts/Tasks
  - Bolts/Tasks (1.9.0)
  - Crashlytics (3.10.3):
    - Fabric (~> 1.7.8)
  - Fabric (1.7.8)
  - FBSDKCoreKit (4.35.0):
    - Bolts (~> 1.7)
  - FBSDKLoginKit (4.35.0):
    - FBSDKCoreKit
  - FBSDKShareKit (4.35.0):
    - FBSDKCoreKit (~> 4.35.0)
  - QBImagePickerController (3.4.0)
  - RSKImageCropper (2.1.0)
  - TwitterCore (3.2.0)
  - TwitterKit (3.4.0):
    - TwitterCore (>= 3.1.0)

DEPENDENCIES:
  - Crashlytics
  - Fabric
  - FBSDKCoreKit
  - FBSDKLoginKit
  - FBSDKShareKit
  - QBImagePickerController
  - RSKImageCropper
  - TwitterKit

SPEC REPOS:
  https://github.com/cocoapods/specs.git:
    - Bolts
    - Crashlytics
    - Fabric
    - FBSDKCoreKit
    - FBSDKLoginKit
    - FBSDKShareKit
    - QBImagePickerController
    - RSKImageCropper
    - TwitterCore
    - TwitterKit

SPEC CHECKSUMS:
  Bolts: ac6567323eac61e203f6a9763667d0f711be34c8
  Crashlytics: 2aea305161a2122492698c75af27f2b98aa49a25
  Fabric: fba4684a95df789565b0b27fc5b6e68f1755af32
  FBSDKCoreKit: 1a5b2e3ceb5ca827a53c54aa5f4a3480efff80d2
  FBSDKLoginKit: 00a3d65d1226852f9d76dcddff01981e5e6d9c38
  FBSDKShareKit: 2ddbd7e6432023fff957af62e23a3671b84319f7
  QBImagePickerController: d54cf93db6decf26baf6ed3472f336ef35cae022
  RSKImageCropper: 0d0c6d8525a2381f03fde32a47c6703817a2feed
  TwitterCore: 8cbc9ad34d91c63a0035ea05bfbfc0d7ca72a28c
  TwitterKit: bc7bd086b9b724a1d888745a054e1d0b1ecc4f3f

PODFILE CHECKSUM: 7d8d9c2136ee71ab9db180feb6b207fa30a1b8d6

COCOAPODS: 1.5.3
